
Microsoft Visual Studio Solution File, Format Version 12.00
# Visual Studio Version 16
VisualStudioVersion = 16.0.32901.82
MinimumVisualStudioVersion = 10.0.40219.1
Project("{9A19103F-16F7-4668-BE54-9A1E7A4F7556}") = "NUnitTest", "NUnitTest\NUnitTest.csproj", "{C9138C0D-6210-45BC-9DC4-B3D066511731}"
EndProject
Project("{FAE04EC0-301F-11D3-BF4B-00C04F79EFBC}") = "MathOperations", "MathOperations\MathOperations.csproj", "{D3AF9EC2-96A7-4CF1-B494-33C5E669257C}"
EndProject
Global
	GlobalSection(SolutionConfigurationPlatforms) = preSolution
		Debug|Any CPU = Debug|Any CPU
		Release|Any CPU = Release|Any CPU
	EndGlobalSection
	GlobalSection(ProjectConfigurationPlatforms) = postSolution
		{C9138C0D-6210-45BC-9DC4-B3D066511731}.Debug|Any CPU.ActiveCfg = Debug|Any CPU
		{C9138C0D-6210-45BC-9DC4-B3D066511731}.Debug|Any CPU.Build.0 = Debug|Any CPU
		{C9138C0D-6210-45BC-9DC4-B3D066511731}.Release|Any CPU.ActiveCfg = Release|Any CPU
		{C9138C0D-6210-45BC-9DC4-B3D066511731}.Release|Any CPU.Build.0 = Release|Any CPU
		{D3AF9EC2-96A7-4CF1-B494-33C5E669257C}.Debug|Any CPU.ActiveCfg = Debug|Any CPU
		{D3AF9EC2-96A7-4CF1-B494-33C5E669257C}.Debug|Any CPU.Build.0 = Debug|Any CPU
		{D3AF9EC2-96A7-4CF1-B494-33C5E669257C}.Release|Any CPU.ActiveCfg = Release|Any CPU
		{D3AF9EC2-96A7-4CF1-B494-33C5E669257C}.Release|Any CPU.Build.0 = Release|Any CPU
	EndGlobalSection
	GlobalSection(SolutionProperties) = preSolution
		HideSolutionNode = FALSE
	EndGlobalSection
	GlobalSection(ExtensibilityGlobals) = postSolution
		SolutionGuid = {EEB64680-6C06-49A4-B77B-FE9BE21C0264}
	EndGlobalSection
EndGlobal
